
Microsoft Visual Studio Solution File, Format Version 12.00
# Visual Studio 15
Project("{FAE04EC0-301F-11D3-BF4B-00C04F79EFBC}") = "Assembly-CSharp", "Assembly-CSharp.csproj", "{F0D77C25-4E73-2198-A4C1-7C10C79D446C}"
EndProject
Project("{FAE04EC0-301F-11D3-BF4B-00C04F79EFBC}") = "NavMeshComponentsExamples", "NavMeshComponentsExamples.csproj", "{C59CEEAD-2116-4D80-B529-1BFF937DC447}"
EndProject
Project("{FAE04EC0-301F-11D3-BF4B-00C04F79EFBC}") = "NavMeshComponents", "NavMeshComponents.csproj", "{89EA6834-8D42-8EAA-9C9E-B016ADAA1416}"
EndProject
Project("{FAE04EC0-301F-11D3-BF4B-00C04F79EFBC}") = "NavMeshComponentsTestsPlaymode", "NavMeshComponentsTestsPlaymode.csproj", "{55F145AB-0993-0AFC-36A3-D200E452D470}"
EndProject
Project("{FAE04EC0-301F-11D3-BF4B-00C04F79EFBC}") = "Assembly-CSharp-Editor", "Assembly-CSharp-Editor.csproj", "{46678420-1091-2AA3-E97B-2969E4E9078E}"
EndProject
Project("{FAE04EC0-301F-11D3-BF4B-00C04F79EFBC}") = "NavMeshComponentsEditor", "NavMeshComponentsEditor.csproj", "{90820FF5-A60C-3598-0F86-D111C78D4A2B}"
EndProject
Project("{FAE04EC0-301F-11D3-BF4B-00C04F79EFBC}") = "NavMeshComponentsTestsEditmode", "NavMeshComponentsTestsEditmode.csproj", "{B03B0B39-8C28-ADF4-62A2-2E1DE8BF2626}"
EndProject
Project("{FAE04EC0-301F-11D3-BF4B-00C04F79EFBC}") = "NavMeshComponentsExamplesEditor", "NavMeshComponentsExamplesEditor.csproj", "{2A85FC4D-A8C1-AD89-80ED-8393D300B820}"
EndProject
Global
	GlobalSection(SolutionConfigurationPlatforms) = preSolution
		Debug|Any CPU = Debug|Any CPU
		Release|Any CPU = Release|Any CPU
	EndGlobalSection
	GlobalSection(ProjectConfigurationPlatforms) = postSolution
		{F0D77C25-4E73-2198-A4C1-7C10C79D446C}.Debug|Any CPU.ActiveCfg = Debug|Any CPU
		{F0D77C25-4E73-2198-A4C1-7C10C79D446C}.Debug|Any CPU.Build.0 = Debug|Any CPU
		{F0D77C25-4E73-2198-A4C1-7C10C79D446C}.Release|Any CPU.ActiveCfg = Release|Any CPU
		{F0D77C25-4E73-2198-A4C1-7C10C79D446C}.Release|Any CPU.Build.0 = Release|Any CPU
		{C59CEEAD-2116-4D80-B529-1BFF937DC447}.Debug|Any CPU.ActiveCfg = Debug|Any CPU
		{C59CEEAD-2116-4D80-B529-1BFF937DC447}.Debug|Any CPU.Build.0 = Debug|Any CPU
		{C59CEEAD-2116-4D80-B529-1BFF937DC447}.Release|Any CPU.ActiveCfg = Release|Any CPU
		{C59CEEAD-2116-4D80-B529-1BFF937DC447}.Release|Any CPU.Build.0 = Release|Any CPU
		{89EA6834-8D42-8EAA-9C9E-B016ADAA1416}.Debug|Any CPU.ActiveCfg = Debug|Any CPU
		{89EA6834-8D42-8EAA-9C9E-B016ADAA1416}.Debug|Any CPU.Build.0 = Debug|Any CPU
		{89EA6834-8D42-8EAA-9C9E-B016ADAA1416}.Release|Any CPU.ActiveCfg = Release|Any CPU
		{89EA6834-8D42-8EAA-9C9E-B016ADAA1416}.Release|Any CPU.Build.0 = Release|Any CPU
		{55F145AB-0993-0AFC-36A3-D200E452D470}.Debug|Any CPU.ActiveCfg = Debug|Any CPU
		{55F145AB-0993-0AFC-36A3-D200E452D470}.Debug|Any CPU.Build.0 = Debug|Any CPU
		{55F145AB-0993-0AFC-36A3-D200E452D470}.Release|Any CPU.ActiveCfg = Release|Any CPU
		{55F145AB-0993-0AFC-36A3-D200E452D470}.Release|Any CPU.Build.0 = Release|Any CPU
		{46678420-1091-2AA3-E97B-2969E4E9078E}.Debug|Any CPU.ActiveCfg = Debug|Any CPU
		{46678420-1091-2AA3-E97B-2969E4E9078E}.Debug|Any CPU.Build.0 = Debug|Any CPU
		{46678420-1091-2AA3-E97B-2969E4E9078E}.Release|Any CPU.ActiveCfg = Release|Any CPU
		{46678420-1091-2AA3-E97B-2969E4E9078E}.Release|Any CPU.Build.0 = Release|Any CPU
		{90820FF5-A60C-3598-0F86-D111C78D4A2B}.Debug|Any CPU.ActiveCfg = Debug|Any CPU
		{90820FF5-A60C-3598-0F86-D111C78D4A2B}.Debug|Any CPU.Build.0 = Debug|Any CPU
		{90820FF5-A60C-3598-0F86-D111C78D4A2B}.Release|Any CPU.ActiveCfg = Release|Any CPU
		{90820FF5-A60C-3598-0F86-D111C78D4A2B}.Release|Any CPU.Build.0 = Release|Any CPU
		{B03B0B39-8C28-ADF4-62A2-2E1DE8BF2626}.Debug|Any CPU.ActiveCfg = Debug|Any CPU
		{B03B0B39-8C28-ADF4-62A2-2E1DE8BF2626}.Debug|Any CPU.Build.0 = Debug|Any CPU
		{B03B0B39-8C28-ADF4-62A2-2E1DE8BF2626}.Release|Any CPU.ActiveCfg = Release|Any CPU
		{B03B0B39-8C28-ADF4-62A2-2E1DE8BF2626}.Release|Any CPU.Build.0 = Release|Any CPU
		{2A85FC4D-A8C1-AD89-80ED-8393D300B820}.Debug|Any CPU.ActiveCfg = Debug|Any CPU
		{2A85FC4D-A8C1-AD89-80ED-8393D300B820}.Debug|Any CPU.Build.0 = Debug|Any CPU
		{2A85FC4D-A8C1-AD89-80ED-8393D300B820}.Release|Any CPU.ActiveCfg = Release|Any CPU
		{2A85FC4D-A8C1-AD89-80ED-8393D300B820}.Release|Any CPU.Build.0 = Release|Any CPU
	EndGlobalSection
	GlobalSection(SolutionProperties) = preSolution
		HideSolutionNode = FALSE
	EndGlobalSection
EndGlobal
